{
    "name": "types",
    "version": "1.0.0",
    "lockfileVersion": 3,
    "requires": true,
    "packages": {
        "": {
            "name": "types",
            "version": "1.0.0",
            "license": "ISC",
            "dependencies": {
                "@vanyamate/types-kit": "^0.0.19"
            }
        },
        "node_modules/@vanyamate/types-kit": {
            "version": "0.0.19",
            "resolved": "https://registry.npmjs.org/@vanyamate/types-kit/-/types-kit-0.0.19.tgz",
            "integrity": "sha512-teHQrndRN95mgEJ7ji0ZBEupO0yeBS1aoM6j27kCyN8kMhrQZ/DzqWh333qIHg0m1NhgJ3S5rK+6pAKoXD0Udg=="
        }
    }
}
